
Microsoft Visual Studio Solution File, Format Version 12.00
# Visual Studio 15
VisualStudioVersion = 15.0.26403.7
MinimumVisualStudioVersion = 10.0.40219.1
Project("{2150E333-8FDC-42A3-9474-1A3956D46DE8}") = "src", "src", "{E36D167E-3735-4620-B0DA-D91398F13CC3}"
EndProject
Project("{2150E333-8FDC-42A3-9474-1A3956D46DE8}") = "tests", "tests", "{6DDA0148-DB71-41BA-B823-892B39257742}"
EndProject
Project("{2150E333-8FDC-42A3-9474-1A3956D46DE8}") = ".git", ".git", "{0EB1CA1F-8031-4B0F-8D96-4175FFB39548}"
	ProjectSection(SolutionItems) = preProject
		.gitignore = .gitignore
	EndProjectSection
EndProject
Project("{FAE04EC0-301F-11D3-BF4B-00C04F79EFBC}") = "Reactor.Tests", "tests\Reactor.Tests\Reactor.Tests.csproj", "{3272FAFE-1EF2-40EE-8A5D-1B70B8DBA368}"
EndProject
Project("{FAE04EC0-301F-11D3-BF4B-00C04F79EFBC}") = "Reactor", "src\Reactor\Reactor.csproj", "{6BDA7D89-8C5C-4B28-A225-6B8C80D1B5CB}"
EndProject
Project("{FAE04EC0-301F-11D3-BF4B-00C04F79EFBC}") = "Reactor.Core", "src\Reactor.Core\Reactor.Core.csproj", "{619C513A-38BD-4A4D-9F22-AB2F294FAD8F}"
EndProject
Project("{FAE04EC0-301F-11D3-BF4B-00C04F79EFBC}") = "Reactor.Core.Tests", "tests\Reactor.Core.Tests\Reactor.Core.Tests.csproj", "{B9978A47-9730-4BB8-AB32-50099597C1A5}"
EndProject
Global
	GlobalSection(SolutionConfigurationPlatforms) = preSolution
		Debug|Any CPU = Debug|Any CPU
		Release|Any CPU = Release|Any CPU
	EndGlobalSection
	GlobalSection(ProjectConfigurationPlatforms) = postSolution
		{3272FAFE-1EF2-40EE-8A5D-1B70B8DBA368}.Debug|Any CPU.ActiveCfg = Debug|Any CPU
		{3272FAFE-1EF2-40EE-8A5D-1B70B8DBA368}.Debug|Any CPU.Build.0 = Debug|Any CPU
		{3272FAFE-1EF2-40EE-8A5D-1B70B8DBA368}.Release|Any CPU.ActiveCfg = Release|Any CPU
		{3272FAFE-1EF2-40EE-8A5D-1B70B8DBA368}.Release|Any CPU.Build.0 = Release|Any CPU
		{6BDA7D89-8C5C-4B28-A225-6B8C80D1B5CB}.Debug|Any CPU.ActiveCfg = Debug|Any CPU
		{6BDA7D89-8C5C-4B28-A225-6B8C80D1B5CB}.Debug|Any CPU.Build.0 = Debug|Any CPU
		{6BDA7D89-8C5C-4B28-A225-6B8C80D1B5CB}.Release|Any CPU.ActiveCfg = Release|Any CPU
		{6BDA7D89-8C5C-4B28-A225-6B8C80D1B5CB}.Release|Any CPU.Build.0 = Release|Any CPU
		{619C513A-38BD-4A4D-9F22-AB2F294FAD8F}.Debug|Any CPU.ActiveCfg = Debug|Any CPU
		{619C513A-38BD-4A4D-9F22-AB2F294FAD8F}.Debug|Any CPU.Build.0 = Debug|Any CPU
		{619C513A-38BD-4A4D-9F22-AB2F294FAD8F}.Release|Any CPU.ActiveCfg = Release|Any CPU
		{619C513A-38BD-4A4D-9F22-AB2F294FAD8F}.Release|Any CPU.Build.0 = Release|Any CPU
		{B9978A47-9730-4BB8-AB32-50099597C1A5}.Debug|Any CPU.ActiveCfg = Debug|Any CPU
		{B9978A47-9730-4BB8-AB32-50099597C1A5}.Debug|Any CPU.Build.0 = Debug|Any CPU
		{B9978A47-9730-4BB8-AB32-50099597C1A5}.Release|Any CPU.ActiveCfg = Release|Any CPU
		{B9978A47-9730-4BB8-AB32-50099597C1A5}.Release|Any CPU.Build.0 = Release|Any CPU
	EndGlobalSection
	GlobalSection(SolutionProperties) = preSolution
		HideSolutionNode = FALSE
	EndGlobalSection
	GlobalSection(NestedProjects) = preSolution
		{3272FAFE-1EF2-40EE-8A5D-1B70B8DBA368} = {6DDA0148-DB71-41BA-B823-892B39257742}
		{6BDA7D89-8C5C-4B28-A225-6B8C80D1B5CB} = {E36D167E-3735-4620-B0DA-D91398F13CC3}
		{619C513A-38BD-4A4D-9F22-AB2F294FAD8F} = {E36D167E-3735-4620-B0DA-D91398F13CC3}
		{B9978A47-9730-4BB8-AB32-50099597C1A5} = {6DDA0148-DB71-41BA-B823-892B39257742}
	EndGlobalSection
EndGlobal
